
Microsoft Visual Studio Solution File, Format Version 12.00
# Visual Studio Version 17
VisualStudioVersion = 17.7.34031.279
MinimumVisualStudioVersion = 10.0.40219.1
Project("{9A19103F-16F7-4668-BE54-9A1E7A4F7556}") = "FluentValidation.Web", "FluentValidation.Web\FluentValidation.Web.csproj", "{0ACE92F1-43AF-483A-BBB1-4A0E35B42594}"
EndProject
Project("{9A19103F-16F7-4668-BE54-9A1E7A4F7556}") = "RateLimit.Api", "RateLimit.Api\RateLimit.Api.csproj", "{44C6EB5C-86D6-4779-8A14-635EBBD18C76}"
EndProject
Project("{9A19103F-16F7-4668-BE54-9A1E7A4F7556}") = "SmidgeApp.Web", "SmidgeApp.Web\SmidgeApp.Web.csproj", "{73768392-1D71-4645-8877-E6BFFC03B63D}"
EndProject
Project("{9A19103F-16F7-4668-BE54-9A1E7A4F7556}") = "HangFireApp.Web", "HangFireApp.Web\HangFireApp.Web.csproj", "{28E29C4E-73EA-4FD0-9370-B07ECE7A7E75}"
EndProject
Project("{9A19103F-16F7-4668-BE54-9A1E7A4F7556}") = "ErrorHandlingApp.Web", "ErrorHandlingApp.Web\ErrorHandlingApp.Web.csproj", "{6B96529E-0696-4894-83CC-FD08423F1BD9}"
EndProject
Project("{FAE04EC0-301F-11D3-BF4B-00C04F79EFBC}") = "LoggingApp.Web", "LoggingApp.Web\LoggingApp.Web.csproj", "{CA13AEC8-9782-477D-AC57-1311F961858A}"
EndProject
Project("{FAE04EC0-301F-11D3-BF4B-00C04F79EFBC}") = "NLogApp.Web", "NLogApp.Web\NLogApp.Web.csproj", "{E37CD2A2-4D80-4B89-B031-41A37FB5BB89}"
EndProject
Project("{FAE04EC0-301F-11D3-BF4B-00C04F79EFBC}") = "SwaggerWeb.Api", "SwaggerWeb.Api\SwaggerWeb.Api.csproj", "{459CD237-67DE-4262-847F-74EEC81FEDD2}"
EndProject
Global
	GlobalSection(SolutionConfigurationPlatforms) = preSolution
		Debug|Any CPU = Debug|Any CPU
		Release|Any CPU = Release|Any CPU
	EndGlobalSection
	GlobalSection(ProjectConfigurationPlatforms) = postSolution
		{0ACE92F1-43AF-483A-BBB1-4A0E35B42594}.Debug|Any CPU.ActiveCfg = Debug|Any CPU
		{0ACE92F1-43AF-483A-BBB1-4A0E35B42594}.Debug|Any CPU.Build.0 = Debug|Any CPU
		{0ACE92F1-43AF-483A-BBB1-4A0E35B42594}.Release|Any CPU.ActiveCfg = Release|Any CPU
		{0ACE92F1-43AF-483A-BBB1-4A0E35B42594}.Release|Any CPU.Build.0 = Release|Any CPU
		{44C6EB5C-86D6-4779-8A14-635EBBD18C76}.Debug|Any CPU.ActiveCfg = Debug|Any CPU
		{44C6EB5C-86D6-4779-8A14-635EBBD18C76}.Debug|Any CPU.Build.0 = Debug|Any CPU
		{44C6EB5C-86D6-4779-8A14-635EBBD18C76}.Release|Any CPU.ActiveCfg = Release|Any CPU
		{44C6EB5C-86D6-4779-8A14-635EBBD18C76}.Release|Any CPU.Build.0 = Release|Any CPU
		{73768392-1D71-4645-8877-E6BFFC03B63D}.Debug|Any CPU.ActiveCfg = Debug|Any CPU
		{73768392-1D71-4645-8877-E6BFFC03B63D}.Debug|Any CPU.Build.0 = Debug|Any CPU
		{73768392-1D71-4645-8877-E6BFFC03B63D}.Release|Any CPU.ActiveCfg = Release|Any CPU
		{73768392-1D71-4645-8877-E6BFFC03B63D}.Release|Any CPU.Build.0 = Release|Any CPU
		{28E29C4E-73EA-4FD0-9370-B07ECE7A7E75}.Debug|Any CPU.ActiveCfg = Debug|Any CPU
		{28E29C4E-73EA-4FD0-9370-B07ECE7A7E75}.Debug|Any CPU.Build.0 = Debug|Any CPU
		{28E29C4E-73EA-4FD0-9370-B07ECE7A7E75}.Release|Any CPU.ActiveCfg = Release|Any CPU
		{28E29C4E-73EA-4FD0-9370-B07ECE7A7E75}.Release|Any CPU.Build.0 = Release|Any CPU
		{6B96529E-0696-4894-83CC-FD08423F1BD9}.Debug|Any CPU.ActiveCfg = Debug|Any CPU
		{6B96529E-0696-4894-83CC-FD08423F1BD9}.Debug|Any CPU.Build.0 = Debug|Any CPU
		{6B96529E-0696-4894-83CC-FD08423F1BD9}.Release|Any CPU.ActiveCfg = Release|Any CPU
		{6B96529E-0696-4894-83CC-FD08423F1BD9}.Release|Any CPU.Build.0 = Release|Any CPU
		{CA13AEC8-9782-477D-AC57-1311F961858A}.Debug|Any CPU.ActiveCfg = Debug|Any CPU
		{CA13AEC8-9782-477D-AC57-1311F961858A}.Debug|Any CPU.Build.0 = Debug|Any CPU
		{CA13AEC8-9782-477D-AC57-1311F961858A}.Release|Any CPU.ActiveCfg = Release|Any CPU
		{CA13AEC8-9782-477D-AC57-1311F961858A}.Release|Any CPU.Build.0 = Release|Any CPU
		{E37CD2A2-4D80-4B89-B031-41A37FB5BB89}.Debug|Any CPU.ActiveCfg = Debug|Any CPU
		{E37CD2A2-4D80-4B89-B031-41A37FB5BB89}.Debug|Any CPU.Build.0 = Debug|Any CPU
		{E37CD2A2-4D80-4B89-B031-41A37FB5BB89}.Release|Any CPU.ActiveCfg = Release|Any CPU
		{E37CD2A2-4D80-4B89-B031-41A37FB5BB89}.Release|Any CPU.Build.0 = Release|Any CPU
		{459CD237-67DE-4262-847F-74EEC81FEDD2}.Debug|Any CPU.ActiveCfg = Debug|Any CPU
		{459CD237-67DE-4262-847F-74EEC81FEDD2}.Debug|Any CPU.Build.0 = Debug|Any CPU
		{459CD237-67DE-4262-847F-74EEC81FEDD2}.Release|Any CPU.ActiveCfg = Release|Any CPU
		{459CD237-67DE-4262-847F-74EEC81FEDD2}.Release|Any CPU.Build.0 = Release|Any CPU
	EndGlobalSection
	GlobalSection(SolutionProperties) = preSolution
		HideSolutionNode = FALSE
	EndGlobalSection
	GlobalSection(ExtensibilityGlobals) = postSolution
		SolutionGuid = {E80F13A8-214B-45B0-BC2D-F9CA2651A58C}
	EndGlobalSection
EndGlobal
